
Microsoft Visual Studio Solution File, Format Version 12.00
# Visual Studio Version 17
VisualStudioVersion = 17.10.35027.167
MinimumVisualStudioVersion = 10.0.40219.1
Project("{FAE04EC0-301F-11D3-BF4B-00C04F79EFBC}") = "01_MainSubjects", "01_MainSubjects\01_MainSubjects.csproj", "{62EA23D8-E3E5-4DF0-A65F-AC59F0BAD3CD}"
EndProject
Project("{FAE04EC0-301F-11D3-BF4B-00C04F79EFBC}") = "02_Variables", "02_Variables\02_Variables.csproj", "{897FB46C-6D69-44BB-96A1-AC066EDCED34}"
EndProject
Project("{FAE04EC0-301F-11D3-BF4B-00C04F79EFBC}") = "03_MakingDecision", "03_MakingDecision\03_MakingDecision.csproj", "{20F252D3-0A63-4C1F-A6EB-8A2F1A040E66}"
EndProject
Project("{FAE04EC0-301F-11D3-BF4B-00C04F79EFBC}") = "_04_Loops", "_04_Loops\_04_Loops.csproj", "{E57325B2-7FB7-4EAF-886C-75AF0A9DE09E}"
EndProject
Global
	GlobalSection(SolutionConfigurationPlatforms) = preSolution
		Debug|Any CPU = Debug|Any CPU
		Release|Any CPU = Release|Any CPU
	EndGlobalSection
	GlobalSection(ProjectConfigurationPlatforms) = postSolution
		{62EA23D8-E3E5-4DF0-A65F-AC59F0BAD3CD}.Debug|Any CPU.ActiveCfg = Debug|Any CPU
		{62EA23D8-E3E5-4DF0-A65F-AC59F0BAD3CD}.Debug|Any CPU.Build.0 = Debug|Any CPU
		{62EA23D8-E3E5-4DF0-A65F-AC59F0BAD3CD}.Release|Any CPU.ActiveCfg = Release|Any CPU
		{62EA23D8-E3E5-4DF0-A65F-AC59F0BAD3CD}.Release|Any CPU.Build.0 = Release|Any CPU
		{897FB46C-6D69-44BB-96A1-AC066EDCED34}.Debug|Any CPU.ActiveCfg = Debug|Any CPU
		{897FB46C-6D69-44BB-96A1-AC066EDCED34}.Debug|Any CPU.Build.0 = Debug|Any CPU
		{897FB46C-6D69-44BB-96A1-AC066EDCED34}.Release|Any CPU.ActiveCfg = Release|Any CPU
		{897FB46C-6D69-44BB-96A1-AC066EDCED34}.Release|Any CPU.Build.0 = Release|Any CPU
		{20F252D3-0A63-4C1F-A6EB-8A2F1A040E66}.Debug|Any CPU.ActiveCfg = Debug|Any CPU
		{20F252D3-0A63-4C1F-A6EB-8A2F1A040E66}.Debug|Any CPU.Build.0 = Debug|Any CPU
		{20F252D3-0A63-4C1F-A6EB-8A2F1A040E66}.Release|Any CPU.ActiveCfg = Release|Any CPU
		{20F252D3-0A63-4C1F-A6EB-8A2F1A040E66}.Release|Any CPU.Build.0 = Release|Any CPU
		{E57325B2-7FB7-4EAF-886C-75AF0A9DE09E}.Debug|Any CPU.ActiveCfg = Debug|Any CPU
		{E57325B2-7FB7-4EAF-886C-75AF0A9DE09E}.Debug|Any CPU.Build.0 = Debug|Any CPU
		{E57325B2-7FB7-4EAF-886C-75AF0A9DE09E}.Release|Any CPU.ActiveCfg = Release|Any CPU
		{E57325B2-7FB7-4EAF-886C-75AF0A9DE09E}.Release|Any CPU.Build.0 = Release|Any CPU
	EndGlobalSection
	GlobalSection(SolutionProperties) = preSolution
		HideSolutionNode = FALSE
	EndGlobalSection
	GlobalSection(ExtensibilityGlobals) = postSolution
		SolutionGuid = {538D5451-0A69-4966-9852-99FDD4BBD0C4}
	EndGlobalSection
EndGlobal
